// !$*UTF8*$!
{
	archiveVersion = 1;
	classes = {
	};
	objectVersion = 48;
	objects = {

/* Begin PBXBuildFile section */
		B4B7D9841FEBB4E60002CB22 /* AppDelegate.m in Sources */ = {isa = PBXBuildFile; fileRef = B4B7D9831FEBB4E60002CB22 /* AppDelegate.m */; };
		B4B7D9871FEBB4E60002CB22 /* ViewController.m in Sources */ = {isa = PBXBuildFile; fileRef = B4B7D9861FEBB4E60002CB22 /* ViewController.m */; };
		B4B7D98A1FEBB4E60002CB22 /* Main.storyboard in Resources */ = {isa = PBXBuildFile; fileRef = B4B7D9881FEBB4E60002CB22 /* Main.storyboard */; };
		B4B7D98C1FEBB4E60002CB22 /* Assets.xcassets in Resources */ = {isa = PBXBuildFile; fileRef = B4B7D98B1FEBB4E60002CB22 /* Assets.xcassets */; };
		B4B7D98F1FEBB4E60002CB22 /* LaunchScreen.storyboard in Resources */ = {isa = PBXBuildFile; fileRef = B4B7D98D1FEBB4E60002CB22 /* LaunchScreen.storyboard */; };
		B4B7D9921FEBB4E60002CB22 /* main.m in Sources */ = {isa = PBXBuildFile; fileRef = B4B7D9911FEBB4E60002CB22 /* main.m */; };
		B4B7D9C71FEBB4F80002CB22 /* UIScrollView+MJRefresh.m in Sources */ = {isa = PBXBuildFile; fileRef = B4B7D9991FEBB4F80002CB22 /* UIScrollView+MJRefresh.m */; };
		B4B7D9C81FEBB4F80002CB22 /* MJRefreshConst.m in Sources */ = {isa = PBXBuildFile; fileRef = B4B7D99A1FEBB4F80002CB22 /* MJRefreshConst.m */; };
		B4B7D9C91FEBB4F80002CB22 /* MJRefresh.bundle in Resources */ = {isa = PBXBuildFile; fileRef = B4B7D99E1FEBB4F80002CB22 /* MJRefresh.bundle */; };
		B4B7D9CA1FEBB4F80002CB22 /* UIScrollView+MJExtension.m in Sources */ = {isa = PBXBuildFile; fileRef = B4B7D9A01FEBB4F80002CB22 /* UIScrollView+MJExtension.m */; };
		B4B7D9CB1FEBB4F80002CB22 /* NSBundle+MJRefresh.m in Sources */ = {isa = PBXBuildFile; fileRef = B4B7D9A31FEBB4F80002CB22 /* NSBundle+MJRefresh.m */; };
		B4B7D9CC1FEBB4F80002CB22 /* UIView+MJExtension.m in Sources */ = {isa = PBXBuildFile; fileRef = B4B7D9A41FEBB4F80002CB22 /* UIView+MJExtension.m */; };
		B4B7D9CD1FEBB4F80002CB22 /* MJRefreshBackGifFooter.m in Sources */ = {isa = PBXBuildFile; fileRef = B4B7D9AB1FEBB4F80002CB22 /* MJRefreshBackGifFooter.m */; };
		B4B7D9CE1FEBB4F80002CB22 /* MJRefreshBackStateFooter.m in Sources */ = {isa = PBXBuildFile; fileRef = B4B7D9AC1FEBB4F80002CB22 /* MJRefreshBackStateFooter.m */; };
		B4B7D9CF1FEBB4F80002CB22 /* MJRefreshBackNormalFooter.m in Sources */ = {isa = PBXBuildFile; fileRef = B4B7D9AD1FEBB4F80002CB22 /* MJRefreshBackNormalFooter.m */; };
		B4B7D9D01FEBB4F80002CB22 /* MJRefreshAutoStateFooter.m in Sources */ = {isa = PBXBuildFile; fileRef = B4B7D9B21FEBB4F80002CB22 /* MJRefreshAutoStateFooter.m */; };
		B4B7D9D11FEBB4F80002CB22 /* MJRefreshAutoGifFooter.m in Sources */ = {isa = PBXBuildFile; fileRef = B4B7D9B31FEBB4F80002CB22 /* MJRefreshAutoGifFooter.m */; };
		B4B7D9D21FEBB4F80002CB22 /* MJRefreshAutoNormalFooter.m in Sources */ = {isa = PBXBuildFile; fileRef = B4B7D9B41FEBB4F80002CB22 /* MJRefreshAutoNormalFooter.m */; };
		B4B7D9D31FEBB4F80002CB22 /* MJRefreshNormalHeader.m in Sources */ = {isa = PBXBuildFile; fileRef = B4B7D9B61FEBB4F80002CB22 /* MJRefreshNormalHeader.m */; };
		B4B7D9D41FEBB4F80002CB22 /* MJRefreshStateHeader.m in Sources */ = {isa = PBXBuildFile; fileRef = B4B7D9BA1FEBB4F80002CB22 /* MJRefreshStateHeader.m */; };
		B4B7D9D51FEBB4F80002CB22 /* MJRefreshGifHeader.m in Sources */ = {isa = PBXBuildFile; fileRef = B4B7D9BB1FEBB4F80002CB22 /* MJRefreshGifHeader.m */; };
		B4B7D9D61FEBB4F80002CB22 /* MJRefreshFooter.m in Sources */ = {isa = PBXBuildFile; fileRef = B4B7D9BD1FEBB4F80002CB22 /* MJRefreshFooter.m */; };
		B4B7D9D71FEBB4F80002CB22 /* MJRefreshHeader.m in Sources */ = {isa = PBXBuildFile; fileRef = B4B7D9BF1FEBB4F80002CB22 /* MJRefreshHeader.m */; };
		B4B7D9D81FEBB4F80002CB22 /* MJRefreshBackFooter.m in Sources */ = {isa = PBXBuildFile; fileRef = B4B7D9C11FEBB4F80002CB22 /* MJRefreshBackFooter.m */; };
		B4B7D9D91FEBB4F80002CB22 /* MJRefreshAutoFooter.m in Sources */ = {isa = PBXBuildFile; fileRef = B4B7D9C21FEBB4F80002CB22 /* MJRefreshAutoFooter.m */; };
		B4B7D9DA1FEBB4F80002CB22 /* MJRefreshComponent.m in Sources */ = {isa = PBXBuildFile; fileRef = B4B7D9C41FEBB4F80002CB22 /* MJRefreshComponent.m */; };
		B4B7D9E01FEBBAA10002CB22 /* MMNoDataView.m in Sources */ = {isa = PBXBuildFile; fileRef = B4B7D9DF1FEBBAA10002CB22 /* MMNoDataView.m */; };
		B4B7D9E31FEBBB1B0002CB22 /* UITableView+MM.m in Sources */ = {isa = PBXBuildFile; fileRef = B4B7D9E21FEBBB1B0002CB22 /* UITableView+MM.m */; };
		B4B7D9E61FEBCEC10002CB22 /* UICollectionView+MM.m in Sources */ = {isa = PBXBuildFile; fileRef = B4B7D9E51FEBCEC10002CB22 /* UICollectionView+MM.m */; };
/* End PBXBuildFile section */

/* Begin PBXFileReference section */
		B4B7D97F1FEBB4E60002CB22 /* MMNoDataTableView.app */ = {isa = PBXFileReference; explicitFileType = wrapper.application; includeInIndex = 0; path = MMNoDataTableView.app; sourceTree = BUILT_PRODUCTS_DIR; };
		B4B7D9821FEBB4E60002CB22 /* AppDelegate.h */ = {isa = PBXFileReference; lastKnownFileType = sourcecode.c.h; path = AppDelegate.h; sourceTree = "<group>"; };
		B4B7D9831FEBB4E60002CB22 /* AppDelegate.m */ = {isa = PBXFileReference; lastKnownFileType = sourcecode.c.objc; path = AppDelegate.m; sourceTree = "<group>"; };
		B4B7D9851FEBB4E60002CB22 /* ViewController.h */ = {isa = PBXFileReference; lastKnownFileType = sourcecode.c.h; path = ViewController.h; sourceTree = "<group>"; };
		B4B7D9861FEBB4E60002CB22 /* ViewController.m */ = {isa = PBXFileReference; lastKnownFileType = sourcecode.c.objc; path = ViewController.m; sourceTree = "<group>"; };
		B4B7D9891FEBB4E60002CB22 /* Base */ = {isa = PBXFileReference; lastKnownFileType = file.storyboard; name = Base; path = Base.lproj/Main.storyboard; sourceTree = "<group>"; };
		B4B7D98B1FEBB4E60002CB22 /* Assets.xcassets */ = {isa = PBXFileReference; lastKnownFileType = folder.assetcatalog; path = Assets.xcassets; sourceTree = "<group>"; };
		B4B7D98E1FEBB4E60002CB22 /* Base */ = {isa = PBXFileReference; lastKnownFileType = file.storyboard; name = Base; path = Base.lproj/LaunchScreen.storyboard; sourceTree = "<group>"; };
		B4B7D9901FEBB4E60002CB22 /* Info.plist */ = {isa = PBXFileReference; lastKnownFileType = text.plist.xml; path = Info.plist; sourceTree = "<group>"; };
		B4B7D9911FEBB4E60002CB22 /* main.m */ = {isa = PBXFileReference; lastKnownFileType = sourcecode.c.objc; path = main.m; sourceTree = "<group>"; };
		B4B7D9991FEBB4F80002CB22 /* UIScrollView+MJRefresh.m */ = {isa = PBXFileReference; fileEncoding = 4; lastKnownFileType = sourcecode.c.objc; path = "UIScrollView+MJRefresh.m"; sourceTree = "<group>"; };
		B4B7D99A1FEBB4F80002CB22 /* MJRefreshConst.m */ = {isa = PBXFileReference; fileEncoding = 4; lastKnownFileType = sourcecode.c.objc; path = MJRefreshConst.m; sourceTree = "<group>"; };
		B4B7D99B1FEBB4F80002CB22 /* UIScrollView+MJExtension.h */ = {isa = PBXFileReference; fileEncoding = 4; lastKnownFileType = sourcecode.c.h; path = "UIScrollView+MJExtension.h"; sourceTree = "<group>"; };
		B4B7D99C1FEBB4F80002CB22 /* MJRefresh.h */ = {isa = PBXFileReference; fileEncoding = 4; lastKnownFileType = sourcecode.c.h; path = MJRefresh.h; sourceTree = "<group>"; };
		B4B7D99D1FEBB4F80002CB22 /* NSBundle+MJRefresh.h */ = {isa = PBXFileReference; fileEncoding = 4; lastKnownFileType = sourcecode.c.h; path = "NSBundle+MJRefresh.h"; sourceTree = "<group>"; };
		B4B7D99E1FEBB4F80002CB22 /* MJRefresh.bundle */ = {isa = PBXFileReference; lastKnownFileType = "wrapper.plug-in"; path = MJRefresh.bundle; sourceTree = "<group>"; };
		B4B7D99F1FEBB4F80002CB22 /* UIView+MJExtension.h */ = {isa = PBXFileReference; fileEncoding = 4; lastKnownFileType = sourcecode.c.h; path = "UIView+MJExtension.h"; sourceTree = "<group>"; };
		B4B7D9A01FEBB4F80002CB22 /* UIScrollView+MJExtension.m */ = {isa = PBXFileReference; fileEncoding = 4; lastKnownFileType = sourcecode.c.objc; path = "UIScrollView+MJExtension.m"; sourceTree = "<group>"; };
		B4B7D9A11FEBB4F80002CB22 /* MJRefreshConst.h */ = {isa = PBXFileReference; fileEncoding = 4; lastKnownFileType = sourcecode.c.h; path = MJRefreshConst.h; sourceTree = "<group>"; };
		B4B7D9A21FEBB4F80002CB22 /* UIScrollView+MJRefresh.h */ = {isa = PBXFileReference; fileEncoding = 4; lastKnownFileType = sourcecode.c.h; path = "UIScrollView+MJRefresh.h"; sourceTree = "<group>"; };
		B4B7D9A31FEBB4F80002CB22 /* NSBundle+MJRefresh.m */ = {isa = PBXFileReference; fileEncoding = 4; lastKnownFileType = sourcecode.c.objc; path = "NSBundle+MJRefresh.m"; sourceTree = "<group>"; };
		B4B7D9A41FEBB4F80002CB22 /* UIView+MJExtension.m */ = {isa = PBXFileReference; fileEncoding = 4; lastKnownFileType = sourcecode.c.objc; path = "UIView+MJExtension.m"; sourceTree = "<group>"; };
		B4B7D9A81FEBB4F80002CB22 /* MJRefreshBackGifFooter.h */ = {isa = PBXFileReference; fileEncoding = 4; lastKnownFileType = sourcecode.c.h; path = MJRefreshBackGifFooter.h; sourceTree = "<group>"; };
		B4B7D9A91FEBB4F80002CB22 /* MJRefreshBackStateFooter.h */ = {isa = PBXFileReference; fileEncoding = 4; lastKnownFileType = sourcecode.c.h; path = MJRefreshBackStateFooter.h; sourceTree = "<group>"; };
		B4B7D9AA1FEBB4F80002CB22 /* MJRefreshBackNormalFooter.h */ = {isa = PBXFileReference; fileEncoding = 4; lastKnownFileType = sourcecode.c.h; path = MJRefreshBackNormalFooter.h; sourceTree = "<group>"; };
		B4B7D9AB1FEBB4F80002CB22 /* MJRefreshBackGifFooter.m */ = {isa = PBXFileReference; fileEncoding = 4; lastKnownFileType = sourcecode.c.objc; path = MJRefreshBackGifFooter.m; sourceTree = "<group>"; };
		B4B7D9AC1FEBB4F80002CB22 /* MJRefreshBackStateFooter.m */ = {isa = PBXFileReference; fileEncoding = 4; lastKnownFileType = sourcecode.c.objc; path = MJRefreshBackStateFooter.m; sourceTree = "<group>"; };
		B4B7D9AD1FEBB4F80002CB22 /* MJRefreshBackNormalFooter.m */ = {isa = PBXFileReference; fileEncoding = 4; lastKnownFileType = sourcecode.c.objc; path = MJRefreshBackNormalFooter.m; sourceTree = "<group>"; };
		B4B7D9AF1FEBB4F80002CB22 /* MJRefreshAutoStateFooter.h */ = {isa = PBXFileReference; fileEncoding = 4; lastKnownFileType = sourcecode.c.h; path = MJRefreshAutoStateFooter.h; sourceTree = "<group>"; };
		B4B7D9B01FEBB4F80002CB22 /* MJRefreshAutoNormalFooter.h */ = {isa = PBXFileReference; fileEncoding = 4; lastKnownFileType = sourcecode.c.h; path = MJRefreshAutoNormalFooter.h; sourceTree = "<group>"; };
		B4B7D9B11FEBB4F80002CB22 /* MJRefreshAutoGifFooter.h */ = {isa = PBXFileReference; fileEncoding = 4; lastKnownFileType = sourcecode.c.h; path = MJRefreshAutoGifFooter.h; sourceTree = "<group>"; };
		B4B7D9B21FEBB4F80002CB22 /* MJRefreshAutoStateFooter.m */ = {isa = PBXFileReference; fileEncoding = 4; lastKnownFileType = sourcecode.c.objc; path = MJRefreshAutoStateFooter.m; sourceTree = "<group>"; };
		B4B7D9B31FEBB4F80002CB22 /* MJRefreshAutoGifFooter.m */ = {isa = PBXFileReference; fileEncoding = 4; lastKnownFileType = sourcecode.c.objc; path = MJRefreshAutoGifFooter.m; sourceTree = "<group>"; };
		B4B7D9B41FEBB4F80002CB22 /* MJRefreshAutoNormalFooter.m */ = {isa = PBXFileReference; fileEncoding = 4; lastKnownFileType = sourcecode.c.objc; path = MJRefreshAutoNormalFooter.m; sourceTree = "<group>"; };
		B4B7D9B61FEBB4F80002CB22 /* MJRefreshNormalHeader.m */ = {isa = PBXFileReference; fileEncoding = 4; lastKnownFileType = sourcecode.c.objc; path = MJRefreshNormalHeader.m; sourceTree = "<group>"; };
		B4B7D9B71FEBB4F80002CB22 /* MJRefreshStateHeader.h */ = {isa = PBXFileReference; fileEncoding = 4; lastKnownFileType = sourcecode.c.h; path = MJRefreshStateHeader.h; sourceTree = "<group>"; };
		B4B7D9B81FEBB4F80002CB22 /* MJRefreshGifHeader.h */ = {isa = PBXFileReference; fileEncoding = 4; lastKnownFileType = sourcecode.c.h; path = MJRefreshGifHeader.h; sourceTree = "<group>"; };
		B4B7D9B91FEBB4F80002CB22 /* MJRefreshNormalHeader.h */ = {isa = PBXFileReference; fileEncoding = 4; lastKnownFileType = sourcecode.c.h; path = MJRefreshNormalHeader.h; sourceTree = "<group>"; };
		B4B7D9BA1FEBB4F80002CB22 /* MJRefreshStateHeader.m */ = {isa = PBXFileReference; fileEncoding = 4; lastKnownFileType = sourcecode.c.objc; path = MJRefreshStateHeader.m; sourceTree = "<group>"; };
		B4B7D9BB1FEBB4F80002CB22 /* MJRefreshGifHeader.m */ = {isa = PBXFileReference; fileEncoding = 4; lastKnownFileType = sourcecode.c.objc; path = MJRefreshGifHeader.m; sourceTree = "<group>"; };
		B4B7D9BD1FEBB4F80002CB22 /* MJRefreshFooter.m */ = {isa = PBXFileReference; fileEncoding = 4; lastKnownFileType = sourcecode.c.objc; path = MJRefreshFooter.m; sourceTree = "<group>"; };
		B4B7D9BE1FEBB4F80002CB22 /* MJRefreshComponent.h */ = {isa = PBXFileReference; fileEncoding = 4; lastKnownFileType = sourcecode.c.h; path = MJRefreshComponent.h; sourceTree = "<group>"; };
		B4B7D9BF1FEBB4F80002CB22 /* MJRefreshHeader.m */ = {isa = PBXFileReference; fileEncoding = 4; lastKnownFileType = sourcecode.c.objc; path = MJRefreshHeader.m; sourceTree = "<group>"; };
		B4B7D9C01FEBB4F80002CB22 /* MJRefreshAutoFooter.h */ = {isa = PBXFileReference; fileEncoding = 4; lastKnownFileType = sourcecode.c.h; path = MJRefreshAutoFooter.h; sourceTree = "<group>"; };
		B4B7D9C11FEBB4F80002CB22 /* MJRefreshBackFooter.m */ = {isa = PBXFileReference; fileEncoding = 4; lastKnownFileType = sourcecode.c.objc; path = MJRefreshBackFooter.m; sourceTree = "<group>"; };
		B4B7D9C21FEBB4F80002CB22 /* MJRefreshAutoFooter.m */ = {isa = PBXFileReference; fileEncoding = 4; lastKnownFileType = sourcecode.c.objc; path = MJRefreshAutoFooter.m; sourceTree = "<group>"; };
		B4B7D9C31FEBB4F80002CB22 /* MJRefreshHeader.h */ = {isa = PBXFileReference; fileEncoding = 4; lastKnownFileType = sourcecode.c.h; path = MJRefreshHeader.h; sourceTree = "<group>"; };
		B4B7D9C41FEBB4F80002CB22 /* MJRefreshComponent.m */ = {isa = PBXFileReference; fileEncoding = 4; lastKnownFileType = sourcecode.c.objc; path = MJRefreshComponent.m; sourceTree = "<group>"; };
		B4B7D9C51FEBB4F80002CB22 /* MJRefreshFooter.h */ = {isa = PBXFileReference; fileEncoding = 4; lastKnownFileType = sourcecode.c.h; path = MJRefreshFooter.h; sourceTree = "<group>"; };
		B4B7D9C61FEBB4F80002CB22 /* MJRefreshBackFooter.h */ = {isa = PBXFileReference; fileEncoding = 4; lastKnownFileType = sourcecode.c.h; path = MJRefreshBackFooter.h; sourceTree = "<group>"; };
		B4B7D9DE1FEBBAA10002CB22 /* MMNoDataView.h */ = {isa = PBXFileReference; lastKnownFileType = sourcecode.c.h; path = MMNoDataView.h; sourceTree = "<group>"; };
		B4B7D9DF1FEBBAA10002CB22 /* MMNoDataView.m */ = {isa = PBXFileReference; lastKnownFileType = sourcecode.c.objc; path = MMNoDataView.m; sourceTree = "<group>"; };
		B4B7D9E11FEBBB1B0002CB22 /* UITableView+MM.h */ = {isa = PBXFileReference; lastKnownFileType = sourcecode.c.h; path = "UITableView+MM.h"; sourceTree = "<group>"; };
		B4B7D9E21FEBBB1B0002CB22 /* UITableView+MM.m */ = {isa = PBXFileReference; lastKnownFileType = sourcecode.c.objc; path = "UITableView+MM.m"; sourceTree = "<group>"; };
		B4B7D9E41FEBCEC10002CB22 /* UICollectionView+MM.h */ = {isa = PBXFileReference; lastKnownFileType = sourcecode.c.h; path = "UICollectionView+MM.h"; sourceTree = "<group>"; };
		B4B7D9E51FEBCEC10002CB22 /* UICollectionView+MM.m */ = {isa = PBXFileReference; lastKnownFileType = sourcecode.c.objc; path = "UICollectionView+MM.m"; sourceTree = "<group>"; };
/* End PBXFileReference section */

/* Begin PBXFrameworksBuildPhase section */
		B4B7D97C1FEBB4E60002CB22 /* Frameworks */ = {
			isa = PBXFrameworksBuildPhase;
			buildActionMask = 2147483647;
			files = (
			);
			runOnlyForDeploymentPostprocessing = 0;
		};
/* End PBXFrameworksBuildPhase section */

/* Begin PBXGroup section */
		B4B7D9761FEBB4E60002CB22 = {
			isa = PBXGroup;
			children = (
				B4B7D9DD1FEBB5340002CB22 /* MMNodataTable */,
				B4B7D9811FEBB4E60002CB22 /* MMNoDataTableView */,
				B4B7D9801FEBB4E60002CB22 /* Products */,
			);
			sourceTree = "<group>";
		};
		B4B7D9801FEBB4E60002CB22 /* Products */ = {
			isa = PBXGroup;
			children = (
				B4B7D97F1FEBB4E60002CB22 /* MMNoDataTableView.app */,
			);
			name = Products;
			sourceTree = "<group>";
		};
		B4B7D9811FEBB4E60002CB22 /* MMNoDataTableView */ = {
			isa = PBXGroup;
			children = (
				B4B7D9981FEBB4F80002CB22 /* MJRefresh */,
				B4B7D9821FEBB4E60002CB22 /* AppDelegate.h */,
				B4B7D9831FEBB4E60002CB22 /* AppDelegate.m */,
				B4B7D9851FEBB4E60002CB22 /* ViewController.h */,
				B4B7D9861FEBB4E60002CB22 /* ViewController.m */,
				B4B7D9881FEBB4E60002CB22 /* Main.storyboard */,
				B4B7D98B1FEBB4E60002CB22 /* Assets.xcassets */,
				B4B7D98D1FEBB4E60002CB22 /* LaunchScreen.storyboard */,
				B4B7D9901FEBB4E60002CB22 /* Info.plist */,
				B4B7D9911FEBB4E60002CB22 /* main.m */,
			);
			path = MMNoDataTableView;
			sourceTree = "<group>";
		};
		B4B7D9981FEBB4F80002CB22 /* MJRefresh */ = {
			isa = PBXGroup;
			children = (
				B4B7D9991FEBB4F80002CB22 /* UIScrollView+MJRefresh.m */,
				B4B7D99A1FEBB4F80002CB22 /* MJRefreshConst.m */,
				B4B7D99B1FEBB4F80002CB22 /* UIScrollView+MJExtension.h */,
				B4B7D99C1FEBB4F80002CB22 /* MJRefresh.h */,
				B4B7D99D1FEBB4F80002CB22 /* NSBundle+MJRefresh.h */,
				B4B7D99E1FEBB4F80002CB22 /* MJRefresh.bundle */,
				B4B7D99F1FEBB4F80002CB22 /* UIView+MJExtension.h */,
				B4B7D9A01FEBB4F80002CB22 /* UIScrollView+MJExtension.m */,
				B4B7D9A11FEBB4F80002CB22 /* MJRefreshConst.h */,
				B4B7D9A21FEBB4F80002CB22 /* UIScrollView+MJRefresh.h */,
				B4B7D9A31FEBB4F80002CB22 /* NSBundle+MJRefresh.m */,
				B4B7D9A41FEBB4F80002CB22 /* UIView+MJExtension.m */,
				B4B7D9A51FEBB4F80002CB22 /* Custom */,
				B4B7D9BC1FEBB4F80002CB22 /* Base */,
			);
			path = MJRefresh;
			sourceTree = "<group>";
		};
		B4B7D9A51FEBB4F80002CB22 /* Custom */ = {
			isa = PBXGroup;
			children = (
				B4B7D9A61FEBB4F80002CB22 /* Footer */,
				B4B7D9B51FEBB4F80002CB22 /* Header */,
			);
			path = Custom;
			sourceTree = "<group>";
		};
		B4B7D9A61FEBB4F80002CB22 /* Footer */ = {
			isa = PBXGroup;
			children = (
				B4B7D9A71FEBB4F80002CB22 /* Back */,
				B4B7D9AE1FEBB4F80002CB22 /* Auto */,
			);
			path = Footer;
			sourceTree = "<group>";
		};
		B4B7D9A71FEBB4F80002CB22 /* Back */ = {
			isa = PBXGroup;
			children = (
				B4B7D9A81FEBB4F80002CB22 /* MJRefreshBackGifFooter.h */,
				B4B7D9A91FEBB4F80002CB22 /* MJRefreshBackStateFooter.h */,
				B4B7D9AA1FEBB4F80002CB22 /* MJRefreshBackNormalFooter.h */,
				B4B7D9AB1FEBB4F80002CB22 /* MJRefreshBackGifFooter.m */,
				B4B7D9AC1FEBB4F80002CB22 /* MJRefreshBackStateFooter.m */,
				B4B7D9AD1FEBB4F80002CB22 /* MJRefreshBackNormalFooter.m */,
			);
			path = Back;
			sourceTree = "<group>";
		};
		B4B7D9AE1FEBB4F80002CB22 /* Auto */ = {
			isa = PBXGroup;
			children = (
				B4B7D9AF1FEBB4F80002CB22 /* MJRefreshAutoStateFooter.h */,
				B4B7D9B01FEBB4F80002CB22 /* MJRefreshAutoNormalFooter.h */,
				B4B7D9B11FEBB4F80002CB22 /* MJRefreshAutoGifFooter.h */,
				B4B7D9B21FEBB4F80002CB22 /* MJRefreshAutoStateFooter.m */,
				B4B7D9B31FEBB4F80002CB22 /* MJRefreshAutoGifFooter.m */,
				B4B7D9B41FEBB4F80002CB22 /* MJRefreshAutoNormalFooter.m */,
			);
			path = Auto;
			sourceTree = "<group>";
		};
		B4B7D9B51FEBB4F80002CB22 /* Header */ = {
			isa = PBXGroup;
			children = (
				B4B7D9B61FEBB4F80002CB22 /* MJRefreshNormalHeader.m */,
				B4B7D9B71FEBB4F80002CB22 /* MJRefreshStateHeader.h */,
				B4B7D9B81FEBB4F80002CB22 /* MJRefreshGifHeader.h */,
				B4B7D9B91FEBB4F80002CB22 /* MJRefreshNormalHeader.h */,
				B4B7D9BA1FEBB4F80002CB22 /* MJRefreshStateHeader.m */,
				B4B7D9BB1FEBB4F80002CB22 /* MJRefreshGifHeader.m */,
			);
			path = Header;
			sourceTree = "<group>";
		};
		B4B7D9BC1FEBB4F80002CB22 /* Base */ = {
			isa = PBXGroup;
			children = (
				B4B7D9BD1FEBB4F80002CB22 /* MJRefreshFooter.m */,
				B4B7D9BE1FEBB4F80002CB22 /* MJRefreshComponent.h */,
				B4B7D9BF1FEBB4F80002CB22 /* MJRefreshHeader.m */,
				B4B7D9C01FEBB4F80002CB22 /* MJRefreshAutoFooter.h */,
				B4B7D9C11FEBB4F80002CB22 /* MJRefreshBackFooter.m */,
				B4B7D9C21FEBB4F80002CB22 /* MJRefreshAutoFooter.m */,
				B4B7D9C31FEBB4F80002CB22 /* MJRefreshHeader.h */,
				B4B7D9C41FEBB4F80002CB22 /* MJRefreshComponent.m */,
				B4B7D9C51FEBB4F80002CB22 /* MJRefreshFooter.h */,
				B4B7D9C61FEBB4F80002CB22 /* MJRefreshBackFooter.h */,
			);
			path = Base;
			sourceTree = "<group>";
		};
		B4B7D9DD1FEBB5340002CB22 /* MMNodataTable */ = {
			isa = PBXGroup;
			children = (
				B4B7D9DE1FEBBAA10002CB22 /* MMNoDataView.h */,
				B4B7D9DF1FEBBAA10002CB22 /* MMNoDataView.m */,
				B4B7D9E11FEBBB1B0002CB22 /* UITableView+MM.h */,
				B4B7D9E21FEBBB1B0002CB22 /* UITableView+MM.m */,
				B4B7D9E41FEBCEC10002CB22 /* UICollectionView+MM.h */,
				B4B7D9E51FEBCEC10002CB22 /* UICollectionView+MM.m */,
			);
			path = MMNodataTable;
			sourceTree = "<group>";
		};
/* End PBXGroup section */

/* Begin PBXNativeTarget section */
		B4B7D97E1FEBB4E60002CB22 /* MMNoDataTableView */ = {
			isa = PBXNativeTarget;
			buildConfigurationList = B4B7D9951FEBB4E60002CB22 /* Build configuration list for PBXNativeTarget "MMNoDataTableView" */;
			buildPhases = (
				B4B7D97B1FEBB4E60002CB22 /* Sources */,
				B4B7D97C1FEBB4E60002CB22 /* Frameworks */,
				B4B7D97D1FEBB4E60002CB22 /* Resources */,
			);
			buildRules = (
			);
			dependencies = (
			);
			name = MMNoDataTableView;
			productName = MMNoDataTableView;
			productReference = B4B7D97F1FEBB4E60002CB22 /* MMNoDataTableView.app */;
			productType = "com.apple.product-type.application";
		};
/* End PBXNativeTarget section */

/* Begin PBXProject section */
		B4B7D9771FEBB4E60002CB22 /* Project object */ = {
			isa = PBXProject;
			attributes = {
				LastUpgradeCheck = 0920;
				ORGANIZATIONNAME = "王林";
				TargetAttributes = {
					B4B7D97E1FEBB4E60002CB22 = {
						CreatedOnToolsVersion = 9.2;
						ProvisioningStyle = Automatic;
					};
				};
			};
			buildConfigurationList = B4B7D97A1FEBB4E60002CB22 /* Build configuration list for PBXProject "MMNoDataTableView" */;
			compatibilityVersion = "Xcode 8.0";
			developmentRegion = en;
			hasScannedForEncodings = 0;
			knownRegions = (
				en,
				Base,
			);
			mainGroup = B4B7D9761FEBB4E60002CB22;
			productRefGroup = B4B7D9801FEBB4E60002CB22 /* Products */;
			projectDirPath = "";
			projectRoot = "";
			targets = (
				B4B7D97E1FEBB4E60002CB22 /* MMNoDataTableView */,
			);
		};
/* End PBXProject section */

/* Begin PBXResourcesBuildPhase section */
		B4B7D97D1FEBB4E60002CB22 /* Resources */ = {
			isa = PBXResourcesBuildPhase;
			buildActionMask = 2147483647;
			files = (
				B4B7D98F1FEBB4E60002CB22 /* LaunchScreen.storyboard in Resources */,
				B4B7D98C1FEBB4E60002CB22 /* Assets.xcassets in Resources */,
				B4B7D9C91FEBB4F80002CB22 /* MJRefresh.bundle in Resources */,
				B4B7D98A1FEBB4E60002CB22 /* Main.storyboard in Resources */,
			);
			runOnlyForDeploymentPostprocessing = 0;
		};
/* End PBXResourcesBuildPhase section */

/* Begin PBXSourcesBuildPhase section */
		B4B7D97B1FEBB4E60002CB22 /* Sources */ = {
			isa = PBXSourcesBuildPhase;
			buildActionMask = 2147483647;
			files = (
				B4B7D9D51FEBB4F80002CB22 /* MJRefreshGifHeader.m in Sources */,
				B4B7D9E31FEBBB1B0002CB22 /* UITableView+MM.m in Sources */,
				B4B7D9D91FEBB4F80002CB22 /* MJRefreshAutoFooter.m in Sources */,
				B4B7D9CA1FEBB4F80002CB22 /* UIScrollView+MJExtension.m in Sources */,
				B4B7D9D41FEBB4F80002CB22 /* MJRefreshStateHeader.m in Sources */,
				B4B7D9CB1FEBB4F80002CB22 /* NSBundle+MJRefresh.m in Sources */,
				B4B7D9E61FEBCEC10002CB22 /* UICollectionView+MM.m in Sources */,
				B4B7D9C71FEBB4F80002CB22 /* UIScrollView+MJRefresh.m in Sources */,
				B4B7D9DA1FEBB4F80002CB22 /* MJRefreshComponent.m in Sources */,
				B4B7D9D61FEBB4F80002CB22 /* MJRefreshFooter.m in Sources */,
				B4B7D9E01FEBBAA10002CB22 /* MMNoDataView.m in Sources */,
				B4B7D9CF1FEBB4F80002CB22 /* MJRefreshBackNormalFooter.m in Sources */,
				B4B7D9D11FEBB4F80002CB22 /* MJRefreshAutoGifFooter.m in Sources */,
				B4B7D9D21FEBB4F80002CB22 /* MJRefreshAutoNormalFooter.m in Sources */,
				B4B7D9D31FEBB4F80002CB22 /* MJRefreshNormalHeader.m in Sources */,
				B4B7D9871FEBB4E60002CB22 /* ViewController.m in Sources */,
				B4B7D9CD1FEBB4F80002CB22 /* MJRefreshBackGifFooter.m in Sources */,
				B4B7D9921FEBB4E60002CB22 /* main.m in Sources */,
				B4B7D9CE1FEBB4F80002CB22 /* MJRefreshBackStateFooter.m in Sources */,
				B4B7D9D01FEBB4F80002CB22 /* MJRefreshAutoStateFooter.m in Sources */,
				B4B7D9D71FEBB4F80002CB22 /* MJRefreshHeader.m in Sources */,
				B4B7D9841FEBB4E60002CB22 /* AppDelegate.m in Sources */,
				B4B7D9C81FEBB4F80002CB22 /* MJRefreshConst.m in Sources */,
				B4B7D9D81FEBB4F80002CB22 /* MJRefreshBackFooter.m in Sources */,
				B4B7D9CC1FEBB4F80002CB22 /* UIView+MJExtension.m in Sources */,
			);
			runOnlyForDeploymentPostprocessing = 0;
		};
/* End PBXSourcesBuildPhase section */

/* Begin PBXVariantGroup section */
		B4B7D9881FEBB4E60002CB22 /* Main.storyboard */ = {
			isa = PBXVariantGroup;
			children = (
				B4B7D9891FEBB4E60002CB22 /* Base */,
			);
			name = Main.storyboard;
			sourceTree = "<group>";
		};
		B4B7D98D1FEBB4E60002CB22 /* LaunchScreen.storyboard */ = {
			isa = PBXVariantGroup;
			children = (
				B4B7D98E1FEBB4E60002CB22 /* Base */,
			);
			name = LaunchScreen.storyboard;
			sourceTree = "<group>";
		};
/* End PBXVariantGroup section */

/* Begin XCBuildConfiguration section */
		B4B7D9931FEBB4E60002CB22 /* Debug */ = {
			isa = XCBuildConfiguration;
			buildSettings = {
				ALWAYS_SEARCH_USER_PATHS = NO;
				CLANG_ANALYZER_NONNULL = YES;
				CLANG_ANALYZER_NUMBER_OBJECT_CONVERSION = YES_AGGRESSIVE;
				CLANG_CXX_LANGUAGE_STANDARD = "gnu++14";
				CLANG_CXX_LIBRARY = "libc++";
				CLANG_ENABLE_MODULES = YES;
				CLANG_ENABLE_OBJC_ARC = YES;
				CLANG_WARN_BLOCK_CAPTURE_AUTORELEASING = YES;
				CLANG_WARN_BOOL_CONVERSION = YES;
				CLANG_WARN_COMMA = YES;
				CLANG_WARN_CONSTANT_CONVERSION = YES;
				CLANG_WARN_DIRECT_OBJC_ISA_USAGE = YES_ERROR;
				CLANG_WARN_DOCUMENTATION_COMMENTS = YES;
				CLANG_WARN_EMPTY_BODY = YES;
				CLANG_WARN_ENUM_CONVERSION = YES;
				CLANG_WARN_INFINITE_RECURSION = YES;
				CLANG_WARN_INT_CONVERSION = YES;
				CLANG_WARN_NON_LITERAL_NULL_CONVERSION = YES;
				CLANG_WARN_OBJC_LITERAL_CONVERSION = YES;
				CLANG_WARN_OBJC_ROOT_CLASS = YES_ERROR;
				CLANG_WARN_RANGE_LOOP_ANALYSIS = YES;
				CLANG_WARN_STRICT_PROTOTYPES = YES;
				CLANG_WARN_SUSPICIOUS_MOVE = YES;
				CLANG_WARN_UNGUARDED_AVAILABILITY = YES_AGGRESSIVE;
				CLANG_WARN_UNREACHABLE_CODE = YES;
				CLANG_WARN__DUPLICATE_METHOD_MATCH = YES;
				CODE_SIGN_IDENTITY = "iPhone Developer";
				COPY_PHASE_STRIP = NO;
				DEBUG_INFORMATION_FORMAT = dwarf;
				ENABLE_STRICT_OBJC_MSGSEND = YES;
				ENABLE_TESTABILITY = YES;
				GCC_C_LANGUAGE_STANDARD = gnu11;
				GCC_DYNAMIC_NO_PIC = NO;
				GCC_NO_COMMON_BLOCKS = YES;
				GCC_OPTIMIZATION_LEVEL = 0;
				GCC_PREPROCESSOR_DEFINITIONS = (
					"DEBUG=1",
					"$(inherited)",
				);
				GCC_WARN_64_TO_32_BIT_CONVERSION = YES;
				GCC_WARN_ABOUT_RETURN_TYPE = YES_ERROR;
				GCC_WARN_UNDECLARED_SELECTOR = YES;
				GCC_WARN_UNINITIALIZED_AUTOS = YES_AGGRESSIVE;
				GCC_WARN_UNUSED_FUNCTION = YES;
				GCC_WARN_UNUSED_VARIABLE = YES;
				IPHONEOS_DEPLOYMENT_TARGET = 11.2;
				MTL_ENABLE_DEBUG_INFO = YES;
				ONLY_ACTIVE_ARCH = YES;
				SDKROOT = iphoneos;
			};
			name = Debug;
		};
		B4B7D9941FEBB4E60002CB22 /* Release */ = {
			isa = XCBuildConfiguration;
			buildSettings = {
				ALWAYS_SEARCH_USER_PATHS = NO;
				CLANG_ANALYZER_NONNULL = YES;
				CLANG_ANALYZER_NUMBER_OBJECT_CONVERSION = YES_AGGRESSIVE;
				CLANG_CXX_LANGUAGE_STANDARD = "gnu++14";
				CLANG_CXX_LIBRARY = "libc++";
				CLANG_ENABLE_MODULES = YES;
				CLANG_ENABLE_OBJC_ARC = YES;
				CLANG_WARN_BLOCK_CAPTURE_AUTORELEASING = YES;
				CLANG_WARN_BOOL_CONVERSION = YES;
				CLANG_WARN_COMMA = YES;
				CLANG_WARN_CONSTANT_CONVERSION = YES;
				CLANG_WARN_DIRECT_OBJC_ISA_USAGE = YES_ERROR;
				CLANG_WARN_DOCUMENTATION_COMMENTS = YES;
				CLANG_WARN_EMPTY_BODY = YES;
				CLANG_WARN_ENUM_CONVERSION = YES;
				CLANG_WARN_INFINITE_RECURSION = YES;
				CLANG_WARN_INT_CONVERSION = YES;
				CLANG_WARN_NON_LITERAL_NULL_CONVERSION = YES;
				CLANG_WARN_OBJC_LITERAL_CONVERSION = YES;
				CLANG_WARN_OBJC_ROOT_CLASS = YES_ERROR;
				CLANG_WARN_RANGE_LOOP_ANALYSIS = YES;
				CLANG_WARN_STRICT_PROTOTYPES = YES;
				CLANG_WARN_SUSPICIOUS_MOVE = YES;
				CLANG_WARN_UNGUARDED_AVAILABILITY = YES_AGGRESSIVE;
				CLANG_WARN_UNREACHABLE_CODE = YES;
				CLANG_WARN__DUPLICATE_METHOD_MATCH = YES;
				CODE_SIGN_IDENTITY = "iPhone Developer";
				COPY_PHASE_STRIP = NO;
				DEBUG_INFORMATION_FORMAT = "dwarf-with-dsym";
				ENABLE_NS_ASSERTIONS = NO;
				ENABLE_STRICT_OBJC_MSGSEND = YES;
				GCC_C_LANGUAGE_STANDARD = gnu11;
				GCC_NO_COMMON_BLOCKS = YES;
				GCC_WARN_64_TO_32_BIT_CONVERSION = YES;
				GCC_WARN_ABOUT_RETURN_TYPE = YES_ERROR;
				GCC_WARN_UNDECLARED_SELECTOR = YES;
				GCC_WARN_UNINITIALIZED_AUTOS = YES_AGGRESSIVE;
				GCC_WARN_UNUSED_FUNCTION = YES;
				GCC_WARN_UNUSED_VARIABLE = YES;
				IPHONEOS_DEPLOYMENT_TARGET = 11.2;
				MTL_ENABLE_DEBUG_INFO = NO;
				SDKROOT = iphoneos;
				VALIDATE_PRODUCT = YES;
			};
			name = Release;
		};
		B4B7D9961FEBB4E60002CB22 /* Debug */ = {
			isa = XCBuildConfiguration;
			buildSettings = {
				ASSETCATALOG_COMPILER_APPICON_NAME = AppIcon;
				CODE_SIGN_STYLE = Automatic;
				DEVELOPMENT_TEAM = 7GDQ3YNY28;
				INFOPLIST_FILE = MMNoDataTableView/Info.plist;
				LD_RUNPATH_SEARCH_PATHS = "$(inherited) @executable_path/Frameworks";
				PRODUCT_BUNDLE_IDENTIFIER = com.mumu.MMNoDataTableView;
				PRODUCT_NAME = "$(TARGET_NAME)";
				TARGETED_DEVICE_FAMILY = "1,2";
			};
			name = Debug;
		};
		B4B7D9971FEBB4E60002CB22 /* Release */ = {
			isa = XCBuildConfiguration;
			buildSettings = {
				ASSETCATALOG_COMPILER_APPICON_NAME = AppIcon;
				CODE_SIGN_STYLE = Automatic;
				DEVELOPMENT_TEAM = 7GDQ3YNY28;
				INFOPLIST_FILE = MMNoDataTableView/Info.plist;
				LD_RUNPATH_SEARCH_PATHS = "$(inherited) @executable_path/Frameworks";
				PRODUCT_BUNDLE_IDENTIFIER = com.mumu.MMNoDataTableView;
				PRODUCT_NAME = "$(TARGET_NAME)";
				TARGETED_DEVICE_FAMILY = "1,2";
			};
			name = Release;
		};
/* End XCBuildConfiguration section */

/* Begin XCConfigurationList section */
		B4B7D97A1FEBB4E60002CB22 /* Build configuration list for PBXProject "MMNoDataTableView" */ = {
			isa = XCConfigurationList;
			buildConfigurations = (
				B4B7D9931FEBB4E60002CB22 /* Debug */,
				B4B7D9941FEBB4E60002CB22 /* Release */,
			);
			defaultConfigurationIsVisible = 0;
			defaultConfigurationName = Release;
		};
		B4B7D9951FEBB4E60002CB22 /* Build configuration list for PBXNativeTarget "MMNoDataTableView" */ = {
			isa = XCConfigurationList;
			buildConfigurations = (
				B4B7D9961FEBB4E60002CB22 /* Debug */,
				B4B7D9971FEBB4E60002CB22 /* Release */,
			);
			defaultConfigurationIsVisible = 0;
			defaultConfigurationName = Release;
		};
/* End XCConfigurationList section */
	};
	rootObject = B4B7D9771FEBB4E60002CB22 /* Project object */;
}
